
Microsoft Visual Studio Solution File, Format Version 12.00
# Visual Studio Version 17
VisualStudioVersion = 17.13.35931.197 d17.13
MinimumVisualStudioVersion = 10.0.40219.1
Project("{FAE04EC0-301F-11D3-BF4B-00C04F79EFBC}") = "Company.Go5.PLMVC", "Company.Go5.PLMVC\Company.Go5.PLMVC.csproj", "{77A0DAD8-E7E2-4D13-9BE6-41E1F8E60441}"
EndProject
Project("{FAE04EC0-301F-11D3-BF4B-00C04F79EFBC}") = "Company.Go5.DAL", "Company.Go5.DAL\Company.Go5.DAL.csproj", "{1AE0E76D-2003-4F4A-B9BC-B37D4FB8F19F}"
EndProject
Project("{FAE04EC0-301F-11D3-BF4B-00C04F79EFBC}") = "Company.Go5.BLL", "Company.Go5.BLL\Company.Go5.BLL.csproj", "{1BA0AD09-18AB-4AA7-9129-66253537DBFD}"
EndProject
Global
	GlobalSection(SolutionConfigurationPlatforms) = preSolution
		Debug|Any CPU = Debug|Any CPU
		Release|Any CPU = Release|Any CPU
	EndGlobalSection
	GlobalSection(ProjectConfigurationPlatforms) = postSolution
		{77A0DAD8-E7E2-4D13-9BE6-41E1F8E60441}.Debug|Any CPU.ActiveCfg = Debug|Any CPU
		{77A0DAD8-E7E2-4D13-9BE6-41E1F8E60441}.Debug|Any CPU.Build.0 = Debug|Any CPU
		{77A0DAD8-E7E2-4D13-9BE6-41E1F8E60441}.Release|Any CPU.ActiveCfg = Release|Any CPU
		{77A0DAD8-E7E2-4D13-9BE6-41E1F8E60441}.Release|Any CPU.Build.0 = Release|Any CPU
		{1AE0E76D-2003-4F4A-B9BC-B37D4FB8F19F}.Debug|Any CPU.ActiveCfg = Debug|Any CPU
		{1AE0E76D-2003-4F4A-B9BC-B37D4FB8F19F}.Debug|Any CPU.Build.0 = Debug|Any CPU
		{1AE0E76D-2003-4F4A-B9BC-B37D4FB8F19F}.Release|Any CPU.ActiveCfg = Release|Any CPU
		{1AE0E76D-2003-4F4A-B9BC-B37D4FB8F19F}.Release|Any CPU.Build.0 = Release|Any CPU
		{1BA0AD09-18AB-4AA7-9129-66253537DBFD}.Debug|Any CPU.ActiveCfg = Debug|Any CPU
		{1BA0AD09-18AB-4AA7-9129-66253537DBFD}.Debug|Any CPU.Build.0 = Debug|Any CPU
		{1BA0AD09-18AB-4AA7-9129-66253537DBFD}.Release|Any CPU.ActiveCfg = Release|Any CPU
		{1BA0AD09-18AB-4AA7-9129-66253537DBFD}.Release|Any CPU.Build.0 = Release|Any CPU
	EndGlobalSection
	GlobalSection(SolutionProperties) = preSolution
		HideSolutionNode = FALSE
	EndGlobalSection
	GlobalSection(ExtensibilityGlobals) = postSolution
		SolutionGuid = {BCC95636-6AE2-4894-887F-2F331A51589B}
	EndGlobalSection
EndGlobal
